version = 1
requires-python = ">=3.12"

[[package]]
name = "accept-checker"
version = "0.1.0"
source = { virtual = "." }
dependencies = [
    { name = "apscheduler" },
    { name = "confluent-kafka" },
    { name = "motor" },
    { name = "psutil" },
    { name = "pylint" },
    { name = "python-dotenv" },
    { name = "pytz" },
    { name = "ruff" },
    { name = "types-confluent-kafka" },
]

[package.metadata]
requires-dist = [
    { name = "apscheduler", specifier = ">=3.11.0" },
    { name = "confluent-kafka", specifier = "==2.4.0" },
    { name = "motor", specifier = ">=3.6.0" },
    { name = "psutil", specifier = ">=6.1.0" },
    { name = "pylint", specifier = ">=3.3.1" },
    { name = "python-dotenv", specifier = ">=1.0.1" },
    { name = "pytz", specifier = ">=2024.2" },
    { name = "ruff", specifier = ">=0.8.0" },
    { name = "types-confluent-kafka", specifier = ">=1.3.1" },
]

[[package]]
name = "apscheduler"
version = "3.11.0"
source = { registry = "https://pypi.org/simple" }
dependencies = [
    { name = "tzlocal" },
]
sdist = { url = "https://files.pythonhosted.org/packages/4e/00/6d6814ddc19be2df62c8c898c4df6b5b1914f3bd024b780028caa392d186/apscheduler-3.11.0.tar.gz", hash = "sha256:4c622d250b0955a65d5d0eb91c33e6d43fd879834bf541e0a18661ae60460133", size = 107347 }
wheels = [
    { url = "https://files.pythonhosted.org/packages/d0/ae/9a053dd9229c0fde6b1f1f33f609ccff1ee79ddda364c756a924c6d8563b/APScheduler-3.11.0-py3-none-any.whl", hash = "sha256:fc134ca32e50f5eadcc4938e3a4545ab19131435e851abb40b34d63d5141c6da", size = 64004 },
]

[[package]]
name = "astroid"
version = "3.3.8"
source = { registry = "https://pypi.org/simple" }
sdist = { url = "https://files.pythonhosted.org/packages/80/c5/5c83c48bbf547f3dd8b587529db7cf5a265a3368b33e85e76af8ff6061d3/astroid-3.3.8.tar.gz", hash = "sha256:a88c7994f914a4ea8572fac479459f4955eeccc877be3f2d959a33273b0cf40b", size = 398196 }
wheels = [
    { url = "https://files.pythonhosted.org/packages/07/28/0bc8a17d6cd4cc3c79ae41b7105a2b9a327c110e5ddd37a8a27b29a5c8a2/astroid-3.3.8-py3-none-any.whl", hash = "sha256:187ccc0c248bfbba564826c26f070494f7bc964fd286b6d9fff4420e55de828c", size = 275153 },
]

[[package]]
name = "colorama"
version = "0.4.6"
source = { registry = "https://pypi.org/simple" }
sdist = { url = "https://files.pythonhosted.org/packages/d8/53/6f443c9a4a8358a93a6792e2acffb9d9d5cb0a5cfd8802644b7b1c9a02e4/colorama-0.4.6.tar.gz", hash = "sha256:08695f5cb7ed6e0531a20572697297273c47b8cae5a63ffc6d6ed5c201be6e44", size = 27697 }
wheels = [
    { url = "https://files.pythonhosted.org/packages/d1/d6/3965ed04c63042e047cb6a3e6ed1a63a35087b6a609aa3a15ed8ac56c221/colorama-0.4.6-py2.py3-none-any.whl", hash = "sha256:4f1d9991f5acc0ca119f9d443620b77f9d6b33703e51011c16baf57afb285fc6", size = 25335 },
]

[[package]]
name = "confluent-kafka"
version = "2.4.0"
source = { registry = "https://pypi.org/simple" }
sdist = { url = "https://files.pythonhosted.org/packages/a7/ea/514e45f106979862aaba3d70098115b2aa991a456dbbc8da7c43633aeb21/confluent-kafka-2.4.0.tar.gz", hash = "sha256:201c6182304c5864c8a1b1aae2f99bf51fa332017abbec05a3a1fb2ff242c41d", size = 134820 }
wheels = [
    { url = "https://files.pythonhosted.org/packages/b2/05/6f850cfee3226ffd60209a64304de00bfc6285de41c7ba466303d31b43e0/confluent_kafka-2.4.0-cp312-cp312-macosx_10_9_x86_64.whl", hash = "sha256:a11acfd79f0448095c6492d2ea34cd3df4864d78d72326bed0859d875eb7a62d", size = 3294389 },
    { url = "https://files.pythonhosted.org/packages/11/df/b43efc76536d50df78fe0d00fd8fe2c15732a0fc33bd608214664640e9ea/confluent_kafka-2.4.0-cp312-cp312-macosx_11_0_arm64.whl", hash = "sha256:dd53d58a6648e4d5e435ff5178248b91af050a4478ed51a95b2b0eaedddafdb1", size = 2831955 },
    { url = "https://files.pythonhosted.org/packages/da/a6/40019d243344e12d2072365ed84caaa9e8f402a59c20ab880814b6593f26/confluent_kafka-2.4.0-cp312-cp312-manylinux_2_17_x86_64.manylinux2014_x86_64.whl", hash = "sha256:8a5e9cc9fff71c70f1520ab917f33cf66181b29c46cf9940da1af6a52cc086a6", size = 4060034 },
    { url = "https://files.pythonhosted.org/packages/5d/53/143b9c5652987af63ad19c4fa2b697f6f4d5c6b0b2c15ed5c34c7c525547/confluent_kafka-2.4.0-cp312-cp312-manylinux_2_28_aarch64.whl", hash = "sha256:b0d5a2d7563b9ca9bef09668d6aae6e360f1e9455672dc0886d78d76ced682c9", size = 14221744 },
    { url = "https://files.pythonhosted.org/packages/61/84/519ee6557c260f809c33a66cdc1ee87cac6d8a21b4ad19f98df5c7b7c037/confluent_kafka-2.4.0-cp312-cp312-win_amd64.whl", hash = "sha256:d09aa0c67532c47ec6cd08c50feaa8338e77d18fc83181c46e5a5cb88a5b25ce", size = 3461347 },
]

[[package]]
name = "dill"
version = "0.3.9"
source = { registry = "https://pypi.org/simple" }
sdist = { url = "https://files.pythonhosted.org/packages/70/43/86fe3f9e130c4137b0f1b50784dd70a5087b911fe07fa81e53e0c4c47fea/dill-0.3.9.tar.gz", hash = "sha256:81aa267dddf68cbfe8029c42ca9ec6a4ab3b22371d1c450abc54422577b4512c", size = 187000 }
wheels = [
    { url = "https://files.pythonhosted.org/packages/46/d1/e73b6ad76f0b1fb7f23c35c6d95dbc506a9c8804f43dda8cb5b0fa6331fd/dill-0.3.9-py3-none-any.whl", hash = "sha256:468dff3b89520b474c0397703366b7b95eebe6303f108adf9b19da1f702be87a", size = 119418 },
]

[[package]]
name = "dnspython"
version = "2.7.0"
source = { registry = "https://pypi.org/simple" }
sdist = { url = "https://files.pythonhosted.org/packages/b5/4a/263763cb2ba3816dd94b08ad3a33d5fdae34ecb856678773cc40a3605829/dnspython-2.7.0.tar.gz", hash = "sha256:ce9c432eda0dc91cf618a5cedf1a4e142651196bbcd2c80e89ed5a907e5cfaf1", size = 345197 }
wheels = [
    { url = "https://files.pythonhosted.org/packages/68/1b/e0a87d256e40e8c888847551b20a017a6b98139178505dc7ffb96f04e954/dnspython-2.7.0-py3-none-any.whl", hash = "sha256:b4c34b7d10b51bcc3a5071e7b8dee77939f1e878477eeecc965e9835f63c6c86", size = 313632 },
]

[[package]]
name = "isort"
version = "6.0.0"
source = { registry = "https://pypi.org/simple" }
sdist = { url = "https://files.pythonhosted.org/packages/1c/28/b382d1656ac0ee4cef4bf579b13f9c6c813bff8a5cb5996669592c8c75fa/isort-6.0.0.tar.gz", hash = "sha256:75d9d8a1438a9432a7d7b54f2d3b45cad9a4a0fdba43617d9873379704a8bdf1", size = 828356 }
wheels = [
    { url = "https://files.pythonhosted.org/packages/76/c7/d6017f09ae5b1206fbe531f7af3b6dac1f67aedcbd2e79f3b386c27955d6/isort-6.0.0-py3-none-any.whl", hash = "sha256:567954102bb47bb12e0fae62606570faacddd441e45683968c8d1734fb1af892", size = 94053 },
]

[[package]]
name = "mccabe"
version = "0.7.0"
source = { registry = "https://pypi.org/simple" }
sdist = { url = "https://files.pythonhosted.org/packages/e7/ff/0ffefdcac38932a54d2b5eed4e0ba8a408f215002cd178ad1df0f2806ff8/mccabe-0.7.0.tar.gz", hash = "sha256:348e0240c33b60bbdf4e523192ef919f28cb2c3d7d5c7794f74009290f236325", size = 9658 }
wheels = [
    { url = "https://files.pythonhosted.org/packages/27/1a/1f68f9ba0c207934b35b86a8ca3aad8395a3d6dd7921c0686e23853ff5a9/mccabe-0.7.0-py2.py3-none-any.whl", hash = "sha256:6c2d30ab6be0e4a46919781807b4f0d834ebdd6c6e3dca0bda5a15f863427b6e", size = 7350 },
]

[[package]]
name = "motor"
version = "3.7.0"
source = { registry = "https://pypi.org/simple" }
dependencies = [
    { name = "pymongo" },
]
sdist = { url = "https://files.pythonhosted.org/packages/2b/c0/b94558a88fb8406b092bb180c6fa5fb3068f8ec2c7e84dd2b0625f4f4f6e/motor-3.7.0.tar.gz", hash = "sha256:0dfa1f12c812bd90819c519b78bed626b5a9dbb29bba079ccff2bfa8627e0fec", size = 279745 }
wheels = [
    { url = "https://files.pythonhosted.org/packages/ab/a6/e915e3225cc431c7ff07fd3e5ae138f6eb1c3ef4f8e8356cab1ea5dc1ed5/motor-3.7.0-py3-none-any.whl", hash = "sha256:61bdf1afded179f008d423f98066348157686f25a90776ea155db5f47f57d605", size = 74811 },
]

[[package]]
name = "platformdirs"
version = "4.3.6"
source = { registry = "https://pypi.org/simple" }
sdist = { url = "https://files.pythonhosted.org/packages/13/fc/128cc9cb8f03208bdbf93d3aa862e16d376844a14f9a0ce5cf4507372de4/platformdirs-4.3.6.tar.gz", hash = "sha256:357fb2acbc885b0419afd3ce3ed34564c13c9b95c89360cd9563f73aa5e2b907", size = 21302 }
wheels = [
    { url = "https://files.pythonhosted.org/packages/3c/a6/bc1012356d8ece4d66dd75c4b9fc6c1f6650ddd5991e421177d9f8f671be/platformdirs-4.3.6-py3-none-any.whl", hash = "sha256:73e575e1408ab8103900836b97580d5307456908a03e92031bab39e4554cc3fb", size = 18439 },
]

[[package]]
name = "psutil"
version = "6.1.1"
source = { registry = "https://pypi.org/simple" }
sdist = { url = "https://files.pythonhosted.org/packages/1f/5a/07871137bb752428aa4b659f910b399ba6f291156bdea939be3e96cae7cb/psutil-6.1.1.tar.gz", hash = "sha256:cf8496728c18f2d0b45198f06895be52f36611711746b7f30c464b422b50e2f5", size = 508502 }
wheels = [
    { url = "https://files.pythonhosted.org/packages/61/99/ca79d302be46f7bdd8321089762dd4476ee725fce16fc2b2e1dbba8cac17/psutil-6.1.1-cp36-abi3-macosx_10_9_x86_64.whl", hash = "sha256:fc0ed7fe2231a444fc219b9c42d0376e0a9a1a72f16c5cfa0f68d19f1a0663e8", size = 247511 },
    { url = "https://files.pythonhosted.org/packages/0b/6b/73dbde0dd38f3782905d4587049b9be64d76671042fdcaf60e2430c6796d/psutil-6.1.1-cp36-abi3-macosx_11_0_arm64.whl", hash = "sha256:0bdd4eab935276290ad3cb718e9809412895ca6b5b334f5a9111ee6d9aff9377", size = 248985 },
    { url = "https://files.pythonhosted.org/packages/17/38/c319d31a1d3f88c5b79c68b3116c129e5133f1822157dd6da34043e32ed6/psutil-6.1.1-cp36-abi3-manylinux_2_12_i686.manylinux2010_i686.manylinux_2_17_i686.manylinux2014_i686.whl", hash = "sha256:b6e06c20c05fe95a3d7302d74e7097756d4ba1247975ad6905441ae1b5b66003", size = 284488 },
    { url = "https://files.pythonhosted.org/packages/9c/39/0f88a830a1c8a3aba27fededc642da37613c57cbff143412e3536f89784f/psutil-6.1.1-cp36-abi3-manylinux_2_12_x86_64.manylinux2010_x86_64.manylinux_2_17_x86_64.manylinux2014_x86_64.whl", hash = "sha256:97f7cb9921fbec4904f522d972f0c0e1f4fabbdd4e0287813b21215074a0f160", size = 287477 },
    { url = "https://files.pythonhosted.org/packages/47/da/99f4345d4ddf2845cb5b5bd0d93d554e84542d116934fde07a0c50bd4e9f/psutil-6.1.1-cp36-abi3-manylinux_2_17_aarch64.manylinux2014_aarch64.whl", hash = "sha256:33431e84fee02bc84ea36d9e2c4a6d395d479c9dd9bba2376c1f6ee8f3a4e0b3", size = 289017 },
    { url = "https://files.pythonhosted.org/packages/38/53/bd755c2896f4461fd4f36fa6a6dcb66a88a9e4b9fd4e5b66a77cf9d4a584/psutil-6.1.1-cp37-abi3-win32.whl", hash = "sha256:eaa912e0b11848c4d9279a93d7e2783df352b082f40111e078388701fd479e53", size = 250602 },
    { url = "https://files.pythonhosted.org/packages/7b/d7/7831438e6c3ebbfa6e01a927127a6cb42ad3ab844247f3c5b96bea25d73d/psutil-6.1.1-cp37-abi3-win_amd64.whl", hash = "sha256:f35cfccb065fff93529d2afb4a2e89e363fe63ca1e4a5da22b603a85833c2649", size = 254444 },
]

[[package]]
name = "pylint"
version = "3.3.4"
source = { registry = "https://pypi.org/simple" }
dependencies = [
    { name = "astroid" },
    { name = "colorama", marker = "sys_platform == 'win32'" },
    { name = "dill" },
    { name = "isort" },
    { name = "mccabe" },
    { name = "platformdirs" },
    { name = "tomlkit" },
]
sdist = { url = "https://files.pythonhosted.org/packages/ab/b9/50be49afc91469f832c4bf12318ab4abe56ee9aa3700a89aad5359ad195f/pylint-3.3.4.tar.gz", hash = "sha256:74ae7a38b177e69a9b525d0794bd8183820bfa7eb68cc1bee6e8ed22a42be4ce", size = 1518905 }
wheels = [
    { url = "https://files.pythonhosted.org/packages/0d/8b/eef15df5f4e7aa393de31feb96ca9a3d6639669bd59d589d0685d5ef4e62/pylint-3.3.4-py3-none-any.whl", hash = "sha256:289e6a1eb27b453b08436478391a48cd53bb0efb824873f949e709350f3de018", size = 522280 },
]

[[package]]
name = "pymongo"
version = "4.11"
source = { registry = "https://pypi.org/simple" }
dependencies = [
    { name = "dnspython" },
]
sdist = { url = "https://files.pythonhosted.org/packages/b4/36/71797b3edfd77f32c79a0ca7e35ec37f0242733224347ed1986d86b12df5/pymongo-4.11.tar.gz", hash = "sha256:21b9969e155c4b16a160fbe90c390a07ca7514479af6c3811b1d15ead26e10ba", size = 2052917 }
wheels = [
    { url = "https://files.pythonhosted.org/packages/cd/91/d641d3658adec7f40ec661ae1a6f1588d5adcdbab94241fc15582bdf58d1/pymongo-4.11-cp312-cp312-macosx_10_13_x86_64.whl", hash = "sha256:254aa90fafead13aca8dbcfbc407e2f6f7c125fce726925bd96adc74b6226f9e", size = 895335 },
    { url = "https://files.pythonhosted.org/packages/00/e3/471839c8705ae024d6eb3af65bd2fac85b33561c04048ff846d22d5ed9d4/pymongo-4.11-cp312-cp312-macosx_11_0_arm64.whl", hash = "sha256:e84e27d6fa4b3e532043daf89d52d2cfbd7b4697b44b86a7b3db8cacdcfcc58c", size = 895035 },
    { url = "https://files.pythonhosted.org/packages/50/51/e25c686128abce5b87289056d50d81073470cb59a5f1fd797a136a9c32d9/pymongo-4.11-cp312-cp312-manylinux_2_17_aarch64.manylinux2014_aarch64.whl", hash = "sha256:7ac81987985275abeb53f5faa5c4a7f7890df9368c0f730fe37460a6301d94d7", size = 1673755 },
    { url = "https://files.pythonhosted.org/packages/03/73/e5a8fba8a03df7d4f4223f94507449f075b4c2f239d84302db4dc6f245d7/pymongo-4.11-cp312-cp312-manylinux_2_17_x86_64.manylinux2014_x86_64.whl", hash = "sha256:85cfc99af2ae0fb8699e15b1f3479018216eb75d80f0082973a876ecfdf1022e", size = 1677001 },
    { url = "https://files.pythonhosted.org/packages/f1/56/3e2af56a53e9d5a98da892a88d5a91ea9a731c6b2d7ec3d6d38947685572/pymongo-4.11-cp312-cp312-manylinux_2_5_i686.manylinux1_i686.manylinux_2_17_i686.manylinux2014_i686.whl", hash = "sha256:b885210269455e05f5704887a4c7b3b99d03c9ab37f320005acc21d1761f1656", size = 1636120 },
    { url = "https://files.pythonhosted.org/packages/c9/0d/c9c2d4425d82d4f914f87784bf4369102c3faeee05dfb5b5edf729bad68e/pymongo-4.11-cp312-cp312-win32.whl", hash = "sha256:b7af60e034e04c3206dfbe2a7bbcc46057ca4f9ad8ed66869bf669c02a1e6e99", size = 864006 },
    { url = "https://files.pythonhosted.org/packages/3f/ca/45cc3ab47879cc3be19fb7aa675c88127be4198e09626bc4e4a39357cfe4/pymongo-4.11-cp312-cp312-win_amd64.whl", hash = "sha256:74f02b7dbb3b15c2e48c7bb28941f6198dc73ced09683738180a9fdbfc0983b2", size = 882273 },
    { url = "https://files.pythonhosted.org/packages/56/1b/9150417d1ea05b19447dcb61381a4638db22bbe7616261335b8df60bf317/pymongo-4.11-cp313-cp313-macosx_10_13_x86_64.whl", hash = "sha256:d33c80afcbfdd2934917fedfa005251484ca8d98767c74793c35d5f24b8e48f1", size = 949594 },
    { url = "https://files.pythonhosted.org/packages/b6/f5/40b0b21b469b555de0d33d4a115bd5bfd9cc8933bb82193fb18b0e6cc240/pymongo-4.11-cp313-cp313-macosx_11_0_arm64.whl", hash = "sha256:d4db6f7515f5087ae9deecc3b60d3d8a512b1a0a9bff93113bc9edf20ed29ab9", size = 949273 },
    { url = "https://files.pythonhosted.org/packages/43/d1/3d7a54b5c77789b3f7a5f240dddc4558861cd39bbc890c5b2cd842ab0598/pymongo-4.11-cp313-cp313-manylinux_2_17_aarch64.manylinux2014_aarch64.whl", hash = "sha256:c3a7ead31317d3a3eabc17486c75ad109f3d514a702002e52da474b59dd8acce", size = 1937656 },
    { url = "https://files.pythonhosted.org/packages/29/db/8eb5513aa6754fb91adf3a64a87ae3c6f80474bcbdedd74801d345ff20e9/pymongo-4.11-cp313-cp313-manylinux_2_17_x86_64.manylinux2014_x86_64.whl", hash = "sha256:4c0ab91c06bf79dd3d3fd5f2a53fe22db8036084ddcfaacd80e83828b6eb4f25", size = 1939577 },
    { url = "https://files.pythonhosted.org/packages/b7/ea/6fec3e6011927c0a6ed863cbfa6f7a33f2c67d8691d78088a04606812ac8/pymongo-4.11-cp313-cp313-manylinux_2_5_i686.manylinux1_i686.manylinux_2_17_i686.manylinux2014_i686.whl", hash = "sha256:9a04f49d6f1fa4f4e6a98ef76b4881b4a9c7decd8a90ee5c9aeff087662e2d8a", size = 1889013 },
    { url = "https://files.pythonhosted.org/packages/a6/b0/87011f6427f291f34254f725fda6e8780b4dd18b2af0c0b066094d56bd24/pymongo-4.11-cp313-cp313-win32.whl", hash = "sha256:981ae0caa245bedf9af3af9159ae71b05444e35dd61a0250235b5c58dcd69178", size = 910348 },
    { url = "https://files.pythonhosted.org/packages/92/42/fa3de33777f0394eeb505295b64f961ec97f4e733b465a79aed66e0b3d61/pymongo-4.11-cp313-cp313-win_amd64.whl", hash = "sha256:8e5a56a508612c64906d5375ebee413cee2fc432c09abd9cb4d9e23ac8bcdd3a", size = 932921 },
    { url = "https://files.pythonhosted.org/packages/33/63/5f4d8a877d9e754cc05a96961d9d3200f3c61f5bf1fecc20a39ec5e4431f/pymongo-4.11-cp313-cp313t-macosx_10_13_x86_64.whl", hash = "sha256:c3b67a2949240d63a0b8b1094e1d2d4b94dedf0317ac6e14164adc9aaf260963", size = 1006110 },
    { url = "https://files.pythonhosted.org/packages/ad/32/7bb57a0398174a9807336da529ac8afa8b3e788354bf5cdb40764b420e18/pymongo-4.11-cp313-cp313t-macosx_11_0_arm64.whl", hash = "sha256:17d4b787afed3163e5faa147b028d8ec7996a5388328499588c5c5858f26ab8a", size = 1006098 },
    { url = "https://files.pythonhosted.org/packages/f4/4b/f99c08992aff1acb54836aa7e7e24315f6aa2b91df5a2974d9a7e6fd1fd1/pymongo-4.11-cp313-cp313t-manylinux_2_17_aarch64.manylinux2014_aarch64.whl", hash = "sha256:ae7f636010ce54885f1ea19c37ea2cb744d976ce689361a776fd0e991d020b81", size = 2266363 },
    { url = "https://files.pythonhosted.org/packages/48/26/6a29c4f9eb58716d7cb170e6e3628de34774dfad3fdec870bcc41e076b6c/pymongo-4.11-cp313-cp313t-manylinux_2_17_x86_64.manylinux2014_x86_64.whl", hash = "sha256:c7f2309384de675e7e25104fc5947acb65ad3ba69dc8246095d57ff1220dfcbb", size = 2263760 },
    { url = "https://files.pythonhosted.org/packages/29/d3/6fa17edadba7fd5f68e823d62d484a3ef5a7d48c224cfff3952343bcc2a4/pymongo-4.11-cp313-cp313t-manylinux_2_5_i686.manylinux1_i686.manylinux_2_17_i686.manylinux2014_i686.whl", hash = "sha256:17966e98d0350b578a337f053cc541458c296236d4b5b4b8adb76f5e82644fb8", size = 2202777 },
    { url = "https://files.pythonhosted.org/packages/6e/fa/76ecd623ce046e44a6025a017e0322fbed7db8be11b1e87d721b3108eb2c/pymongo-4.11-cp313-cp313t-win32.whl", hash = "sha256:b7246f2060ba03dcc25ade803bc6a3c39f1cc7db93297875edd251ca8cf5cac7", size = 959225 },
    { url = "https://files.pythonhosted.org/packages/54/0a/c20ef65268514be131860e7d70d4f3892114b6a6e2a3a4a56a9f6aff901b/pymongo-4.11-cp313-cp313t-win_amd64.whl", hash = "sha256:488e3440f5bedcbf494fd02c0a433cb5be7e55ba44dc72202813e1007a865e6a", size = 987846 },
]

[[package]]
name = "python-dotenv"
version = "1.0.1"
source = { registry = "https://pypi.org/simple" }
sdist = { url = "https://files.pythonhosted.org/packages/bc/57/e84d88dfe0aec03b7a2d4327012c1627ab5f03652216c63d49846d7a6c58/python-dotenv-1.0.1.tar.gz", hash = "sha256:e324ee90a023d808f1959c46bcbc04446a10ced277783dc6ee09987c37ec10ca", size = 39115 }
wheels = [
    { url = "https://files.pythonhosted.org/packages/6a/3e/b68c118422ec867fa7ab88444e1274aa40681c606d59ac27de5a5588f082/python_dotenv-1.0.1-py3-none-any.whl", hash = "sha256:f7b63ef50f1b690dddf550d03497b66d609393b40b564ed0d674909a68ebf16a", size = 19863 },
]

[[package]]
name = "pytz"
version = "2025.1"
source = { registry = "https://pypi.org/simple" }
sdist = { url = "https://files.pythonhosted.org/packages/5f/57/df1c9157c8d5a05117e455d66fd7cf6dbc46974f832b1058ed4856785d8a/pytz-2025.1.tar.gz", hash = "sha256:c2db42be2a2518b28e65f9207c4d05e6ff547d1efa4086469ef855e4ab70178e", size = 319617 }
wheels = [
    { url = "https://files.pythonhosted.org/packages/eb/38/ac33370d784287baa1c3d538978b5e2ea064d4c1b93ffbd12826c190dd10/pytz-2025.1-py2.py3-none-any.whl", hash = "sha256:89dd22dca55b46eac6eda23b2d72721bf1bdfef212645d81513ef5d03038de57", size = 507930 },
]

[[package]]
name = "ruff"
version = "0.9.4"
source = { registry = "https://pypi.org/simple" }
sdist = { url = "https://files.pythonhosted.org/packages/c0/17/529e78f49fc6f8076f50d985edd9a2cf011d1dbadb1cdeacc1d12afc1d26/ruff-0.9.4.tar.gz", hash = "sha256:6907ee3529244bb0ed066683e075f09285b38dd5b4039370df6ff06041ca19e7", size = 3599458 }
wheels = [
    { url = "https://files.pythonhosted.org/packages/b6/f8/3fafb7804d82e0699a122101b5bee5f0d6e17c3a806dcbc527bb7d3f5b7a/ruff-0.9.4-py3-none-linux_armv6l.whl", hash = "sha256:64e73d25b954f71ff100bb70f39f1ee09e880728efb4250c632ceed4e4cdf706", size = 11668400 },
    { url = "https://files.pythonhosted.org/packages/2e/a6/2efa772d335da48a70ab2c6bb41a096c8517ca43c086ea672d51079e3d1f/ruff-0.9.4-py3-none-macosx_10_12_x86_64.whl", hash = "sha256:6ce6743ed64d9afab4fafeaea70d3631b4d4b28b592db21a5c2d1f0ef52934bf", size = 11628395 },
    { url = "https://files.pythonhosted.org/packages/dc/d7/cd822437561082f1c9d7225cc0d0fbb4bad117ad7ac3c41cd5d7f0fa948c/ruff-0.9.4-py3-none-macosx_11_0_arm64.whl", hash = "sha256:54499fb08408e32b57360f6f9de7157a5fec24ad79cb3f42ef2c3f3f728dfe2b", size = 11090052 },
    { url = "https://files.pythonhosted.org/packages/9e/67/3660d58e893d470abb9a13f679223368ff1684a4ef40f254a0157f51b448/ruff-0.9.4-py3-none-manylinux_2_17_aarch64.manylinux2014_aarch64.whl", hash = "sha256:37c892540108314a6f01f105040b5106aeb829fa5fb0561d2dcaf71485021137", size = 11882221 },
    { url = "https://files.pythonhosted.org/packages/79/d1/757559995c8ba5f14dfec4459ef2dd3fcea82ac43bc4e7c7bf47484180c0/ruff-0.9.4-py3-none-manylinux_2_17_armv7l.manylinux2014_armv7l.whl", hash = "sha256:de9edf2ce4b9ddf43fd93e20ef635a900e25f622f87ed6e3047a664d0e8f810e", size = 11424862 },
    { url = "https://files.pythonhosted.org/packages/c0/96/7915a7c6877bb734caa6a2af424045baf6419f685632469643dbd8eb2958/ruff-0.9.4-py3-none-manylinux_2_17_i686.manylinux2014_i686.whl", hash = "sha256:87c90c32357c74f11deb7fbb065126d91771b207bf9bfaaee01277ca59b574ec", size = 12626735 },
    { url = "https://files.pythonhosted.org/packages/0e/cc/dadb9b35473d7cb17c7ffe4737b4377aeec519a446ee8514123ff4a26091/ruff-0.9.4-py3-none-manylinux_2_17_ppc64.manylinux2014_ppc64.whl", hash = "sha256:56acd6c694da3695a7461cc55775f3a409c3815ac467279dfa126061d84b314b", size = 13255976 },
    { url = "https://files.pythonhosted.org/packages/5f/c3/ad2dd59d3cabbc12df308cced780f9c14367f0321e7800ca0fe52849da4c/ruff-0.9.4-py3-none-manylinux_2_17_ppc64le.manylinux2014_ppc64le.whl", hash = "sha256:e0c93e7d47ed951b9394cf352d6695b31498e68fd5782d6cbc282425655f687a", size = 12752262 },
    { url = "https://files.pythonhosted.org/packages/c7/17/5f1971e54bd71604da6788efd84d66d789362b1105e17e5ccc53bba0289b/ruff-0.9.4-py3-none-manylinux_2_17_s390x.manylinux2014_s390x.whl", hash = "sha256:1d4c8772670aecf037d1bf7a07c39106574d143b26cfe5ed1787d2f31e800214", size = 14401648 },
    { url = "https://files.pythonhosted.org/packages/30/24/6200b13ea611b83260501b6955b764bb320e23b2b75884c60ee7d3f0b68e/ruff-0.9.4-py3-none-manylinux_2_17_x86_64.manylinux2014_x86_64.whl", hash = "sha256:bfc5f1d7afeda8d5d37660eeca6d389b142d7f2b5a1ab659d9214ebd0e025231", size = 12414702 },
    { url = "https://files.pythonhosted.org/packages/34/cb/f5d50d0c4ecdcc7670e348bd0b11878154bc4617f3fdd1e8ad5297c0d0ba/ruff-0.9.4-py3-none-musllinux_1_2_aarch64.whl", hash = "sha256:faa935fc00ae854d8b638c16a5f1ce881bc3f67446957dd6f2af440a5fc8526b", size = 11859608 },
    { url = "https://files.pythonhosted.org/packages/d6/f4/9c8499ae8426da48363bbb78d081b817b0f64a9305f9b7f87eab2a8fb2c1/ruff-0.9.4-py3-none-musllinux_1_2_armv7l.whl", hash = "sha256:a6c634fc6f5a0ceae1ab3e13c58183978185d131a29c425e4eaa9f40afe1e6d6", size = 11485702 },
    { url = "https://files.pythonhosted.org/packages/18/59/30490e483e804ccaa8147dd78c52e44ff96e1c30b5a95d69a63163cdb15b/ruff-0.9.4-py3-none-musllinux_1_2_i686.whl", hash = "sha256:433dedf6ddfdec7f1ac7575ec1eb9844fa60c4c8c2f8887a070672b8d353d34c", size = 12067782 },
    { url = "https://files.pythonhosted.org/packages/3d/8c/893fa9551760b2f8eb2a351b603e96f15af167ceaf27e27ad873570bc04c/ruff-0.9.4-py3-none-musllinux_1_2_x86_64.whl", hash = "sha256:d612dbd0f3a919a8cc1d12037168bfa536862066808960e0cc901404b77968f0", size = 12483087 },
    { url = "https://files.pythonhosted.org/packages/23/15/f6751c07c21ca10e3f4a51ea495ca975ad936d780c347d9808bcedbd7182/ruff-0.9.4-py3-none-win32.whl", hash = "sha256:db1192ddda2200671f9ef61d9597fcef89d934f5d1705e571a93a67fb13a4402", size = 9852302 },
    { url = "https://files.pythonhosted.org/packages/12/41/2d2d2c6a72e62566f730e49254f602dfed23019c33b5b21ea8f8917315a1/ruff-0.9.4-py3-none-win_amd64.whl", hash = "sha256:05bebf4cdbe3ef75430d26c375773978950bbf4ee3c95ccb5448940dc092408e", size = 10850051 },
    { url = "https://files.pythonhosted.org/packages/c6/e6/3d6ec3bc3d254e7f005c543a661a41c3e788976d0e52a1ada195bd664344/ruff-0.9.4-py3-none-win_arm64.whl", hash = "sha256:585792f1e81509e38ac5123492f8875fbc36f3ede8185af0a26df348e5154f41", size = 10078251 },
]

[[package]]
name = "tomlkit"
version = "0.13.2"
source = { registry = "https://pypi.org/simple" }
sdist = { url = "https://files.pythonhosted.org/packages/b1/09/a439bec5888f00a54b8b9f05fa94d7f901d6735ef4e55dcec9bc37b5d8fa/tomlkit-0.13.2.tar.gz", hash = "sha256:fff5fe59a87295b278abd31bec92c15d9bc4a06885ab12bcea52c71119392e79", size = 192885 }
wheels = [
    { url = "https://files.pythonhosted.org/packages/f9/b6/a447b5e4ec71e13871be01ba81f5dfc9d0af7e473da256ff46bc0e24026f/tomlkit-0.13.2-py3-none-any.whl", hash = "sha256:7a974427f6e119197f670fbbbeae7bef749a6c14e793db934baefc1b5f03efde", size = 37955 },
]

[[package]]
name = "types-confluent-kafka"
version = "1.3.1"
source = { registry = "https://pypi.org/simple" }
sdist = { url = "https://files.pythonhosted.org/packages/8d/93/6b402d113fe12528c7664619eaa94c5045dc597c194b508abbcde59f23ba/types_confluent_kafka-1.3.1.tar.gz", hash = "sha256:9602e242cf613cc12221ee587eb148b40f33225879c88f1ad11fd90ee35e48d7", size = 21633 }
wheels = [
    { url = "https://files.pythonhosted.org/packages/1c/c9/d491625b5f67f8061543c02f8286933670155c8c277178a68076153533c3/types_confluent_kafka-1.3.1-py3-none-any.whl", hash = "sha256:de660625b357b98728c90fe27c010c7a073c0083a90e447175295c5a908ac7a7", size = 35267 },
]

[[package]]
name = "tzdata"
version = "2025.1"
source = { registry = "https://pypi.org/simple" }
sdist = { url = "https://files.pythonhosted.org/packages/43/0f/fa4723f22942480be4ca9527bbde8d43f6c3f2fe8412f00e7f5f6746bc8b/tzdata-2025.1.tar.gz", hash = "sha256:24894909e88cdb28bd1636c6887801df64cb485bd593f2fd83ef29075a81d694", size = 194950 }
wheels = [
    { url = "https://files.pythonhosted.org/packages/0f/dd/84f10e23edd882c6f968c21c2434fe67bd4a528967067515feca9e611e5e/tzdata-2025.1-py2.py3-none-any.whl", hash = "sha256:7e127113816800496f027041c570f50bcd464a020098a3b6b199517772303639", size = 346762 },
]

[[package]]
name = "tzlocal"
version = "5.2"
source = { registry = "https://pypi.org/simple" }
dependencies = [
    { name = "tzdata", marker = "sys_platform == 'win32'" },
]
sdist = { url = "https://files.pythonhosted.org/packages/04/d3/c19d65ae67636fe63953b20c2e4a8ced4497ea232c43ff8d01db16de8dc0/tzlocal-5.2.tar.gz", hash = "sha256:8d399205578f1a9342816409cc1e46a93ebd5755e39ea2d85334bea911bf0e6e", size = 30201 }
wheels = [
    { url = "https://files.pythonhosted.org/packages/97/3f/c4c51c55ff8487f2e6d0e618dba917e3c3ee2caae6cf0fbb59c9b1876f2e/tzlocal-5.2-py3-none-any.whl", hash = "sha256:49816ef2fe65ea8ac19d19aa7a1ae0551c834303d5014c6d5a62e4cbda8047b8", size = 17859 },
]
